
Microsoft Visual Studio Solution File, Format Version 12.00
# Visual Studio 2012
Project("{FAE04EC0-301F-11D3-BF4B-00C04F79EFBC}") = "basicProgram", "basicProgram\basicProgram.csproj", "{DEDDA7BF-4481-4E90-ACBD-E797333236E4}"
EndProject
Project("{FAE04EC0-301F-11D3-BF4B-00C04F79EFBC}") = "Basics1", "Basics1\Basics1.csproj", "{E89F9726-0606-449B-97C5-9BB039FF0418}"
EndProject
Global
	GlobalSection(SolutionConfigurationPlatforms) = preSolution
		Debug|Any CPU = Debug|Any CPU
		Release|Any CPU = Release|Any CPU
	EndGlobalSection
	GlobalSection(ProjectConfigurationPlatforms) = postSolution
		{DEDDA7BF-4481-4E90-ACBD-E797333236E4}.Debug|Any CPU.ActiveCfg = Debug|Any CPU
		{DEDDA7BF-4481-4E90-ACBD-E797333236E4}.Debug|Any CPU.Build.0 = Debug|Any CPU
		{DEDDA7BF-4481-4E90-ACBD-E797333236E4}.Release|Any CPU.ActiveCfg = Release|Any CPU
		{DEDDA7BF-4481-4E90-ACBD-E797333236E4}.Release|Any CPU.Build.0 = Release|Any CPU
		{E89F9726-0606-449B-97C5-9BB039FF0418}.Debug|Any CPU.ActiveCfg = Debug|Any CPU
		{E89F9726-0606-449B-97C5-9BB039FF0418}.Debug|Any CPU.Build.0 = Debug|Any CPU
		{E89F9726-0606-449B-97C5-9BB039FF0418}.Release|Any CPU.ActiveCfg = Release|Any CPU
		{E89F9726-0606-449B-97C5-9BB039FF0418}.Release|Any CPU.Build.0 = Release|Any CPU
	EndGlobalSection
	GlobalSection(SolutionProperties) = preSolution
		HideSolutionNode = FALSE
	EndGlobalSection
EndGlobal
