
Microsoft Visual Studio Solution File, Format Version 12.00
# Visual Studio 2012
Project("{FAE04EC0-301F-11D3-BF4B-00C04F79EFBC}") = "dll_hell", "dll_hell\dll_hell.csproj", "{54B0CE6B-8A92-42EF-9317-E558864EE73E}"
EndProject
Project("{FAE04EC0-301F-11D3-BF4B-00C04F79EFBC}") = "ClassLibrary1", "ClassLibrary1\ClassLibrary1.csproj", "{2228B98C-EAAB-411F-B3D6-780E0F5ACA50}"
EndProject
Global
	GlobalSection(SolutionConfigurationPlatforms) = preSolution
		Debug|Any CPU = Debug|Any CPU
		Release|Any CPU = Release|Any CPU
	EndGlobalSection
	GlobalSection(ProjectConfigurationPlatforms) = postSolution
		{54B0CE6B-8A92-42EF-9317-E558864EE73E}.Debug|Any CPU.ActiveCfg = Debug|Any CPU
		{54B0CE6B-8A92-42EF-9317-E558864EE73E}.Debug|Any CPU.Build.0 = Debug|Any CPU
		{54B0CE6B-8A92-42EF-9317-E558864EE73E}.Release|Any CPU.ActiveCfg = Release|Any CPU
		{54B0CE6B-8A92-42EF-9317-E558864EE73E}.Release|Any CPU.Build.0 = Release|Any CPU
		{2228B98C-EAAB-411F-B3D6-780E0F5ACA50}.Debug|Any CPU.ActiveCfg = Debug|Any CPU
		{2228B98C-EAAB-411F-B3D6-780E0F5ACA50}.Debug|Any CPU.Build.0 = Debug|Any CPU
		{2228B98C-EAAB-411F-B3D6-780E0F5ACA50}.Release|Any CPU.ActiveCfg = Release|Any CPU
		{2228B98C-EAAB-411F-B3D6-780E0F5ACA50}.Release|Any CPU.Build.0 = Release|Any CPU
	EndGlobalSection
	GlobalSection(SolutionProperties) = preSolution
		HideSolutionNode = FALSE
	EndGlobalSection
EndGlobal
