
Microsoft Visual Studio Solution File, Format Version 12.00
# Visual Studio 2012
Project("{FAE04EC0-301F-11D3-BF4B-00C04F79EFBC}") = "LINQ", "LINQ\LINQ.csproj", "{1553BA08-4762-4ACD-8C49-665ADF10E8FD}"
EndProject
Project("{FAE04EC0-301F-11D3-BF4B-00C04F79EFBC}") = "EF", "EF\EF.csproj", "{84C183C2-6716-46E5-B47D-046BD0A08672}"
EndProject
Global
	GlobalSection(SolutionConfigurationPlatforms) = preSolution
		Debug|Any CPU = Debug|Any CPU
		Release|Any CPU = Release|Any CPU
	EndGlobalSection
	GlobalSection(ProjectConfigurationPlatforms) = postSolution
		{1553BA08-4762-4ACD-8C49-665ADF10E8FD}.Debug|Any CPU.ActiveCfg = Debug|Any CPU
		{1553BA08-4762-4ACD-8C49-665ADF10E8FD}.Debug|Any CPU.Build.0 = Debug|Any CPU
		{1553BA08-4762-4ACD-8C49-665ADF10E8FD}.Release|Any CPU.ActiveCfg = Release|Any CPU
		{1553BA08-4762-4ACD-8C49-665ADF10E8FD}.Release|Any CPU.Build.0 = Release|Any CPU
		{84C183C2-6716-46E5-B47D-046BD0A08672}.Debug|Any CPU.ActiveCfg = Debug|Any CPU
		{84C183C2-6716-46E5-B47D-046BD0A08672}.Debug|Any CPU.Build.0 = Debug|Any CPU
		{84C183C2-6716-46E5-B47D-046BD0A08672}.Release|Any CPU.ActiveCfg = Release|Any CPU
		{84C183C2-6716-46E5-B47D-046BD0A08672}.Release|Any CPU.Build.0 = Release|Any CPU
	EndGlobalSection
	GlobalSection(SolutionProperties) = preSolution
		HideSolutionNode = FALSE
	EndGlobalSection
EndGlobal
